// !$*UTF8*$!
{
	archiveVersion = 1;
	classes = {
	};
	objectVersion = 56;
	objects = {

/* Begin PBXBuildFile section */
		4925315E2C446FC0003A8D24 /* SwiftUICharts in Frameworks */ = {isa = PBXBuildFile; productRef = 4925315D2C446FC0003A8D24 /* SwiftUICharts */; };
		492531602C446FE4003A8D24 /* StatisticsContentView.swift in Sources */ = {isa = PBXBuildFile; fileRef = 4925315F2C446FE4003A8D24 /* StatisticsContentView.swift */; };
		4930AB902BB7348F00C72CA9 /* VersionCheckAppState.swift in Sources */ = {isa = PBXBuildFile; fileRef = 4930AB8C2BB7348F00C72CA9 /* VersionCheckAppState.swift */; };
		4930AB922BB7348F00C72CA9 /* Helpers.swift in Sources */ = {isa = PBXBuildFile; fileRef = 4930AB8E2BB7348F00C72CA9 /* Helpers.swift */; };
		4930AB932BB7348F00C72CA9 /* Types.swift in Sources */ = {isa = PBXBuildFile; fileRef = 4930AB8F2BB7348F00C72CA9 /* Types.swift */; };
		4930AB962BB7354E00C72CA9 /* SystemColors in Frameworks */ = {isa = PBXBuildFile; productRef = 4930AB952BB7354E00C72CA9 /* SystemColors */; };
		4930AB9D2BB74F1500C72CA9 /* FeatureEditor.swift in Sources */ = {isa = PBXBuildFile; fileRef = 4930AB9C2BB74F1500C72CA9 /* FeatureEditor.swift */; };
		495A858A2C36E46F00C112C6 /* PlaceholderEditor.swift in Sources */ = {isa = PBXBuildFile; fileRef = 495A85852C36E46F00C112C6 /* PlaceholderEditor.swift */; };
		495A858B2C36E46F00C112C6 /* ScriptEditor.swift in Sources */ = {isa = PBXBuildFile; fileRef = 495A85862C36E46F00C112C6 /* ScriptEditor.swift */; };
		495A858D2C36E46F00C112C6 /* NewMembershipEditor.swift in Sources */ = {isa = PBXBuildFile; fileRef = 495A85882C36E46F00C112C6 /* NewMembershipEditor.swift */; };
		495A858E2C36E46F00C112C6 /* ScriptContentView.swift in Sources */ = {isa = PBXBuildFile; fileRef = 495A85892C36E46F00C112C6 /* ScriptContentView.swift */; };
		496E91402D33812C006BCEB4 /* AboutView.swift in Sources */ = {isa = PBXBuildFile; fileRef = 496E913F2D33812C006BCEB4 /* AboutView.swift */; };
		497891022CFF81BD00A100B4 /* CustomTabView.swift in Sources */ = {isa = PBXBuildFile; fileRef = 497891012CFF81BD00A100B4 /* CustomTabView.swift */; };
		497891042CFF81DD00A100B4 /* WebView.swift in Sources */ = {isa = PBXBuildFile; fileRef = 497891032CFF81DD00A100B4 /* WebView.swift */; };
		49929D2D2D53B3D200DCE740 /* CarouselView.swift in Sources */ = {isa = PBXBuildFile; fileRef = 49929D2C2D53B3D200DCE740 /* CarouselView.swift */; };
		499B07012D1252EE00B90BE7 /* SerializeTypes.swift in Sources */ = {isa = PBXBuildFile; fileRef = 499B07002D1252E600B90BE7 /* SerializeTypes.swift */; };
		499B07032D12539700B90BE7 /* ObservableTypes.swift in Sources */ = {isa = PBXBuildFile; fileRef = 499B07022D12539000B90BE7 /* ObservableTypes.swift */; };
		499B07052D127F3500B90BE7 /* ContentView.ViewModel.swift in Sources */ = {isa = PBXBuildFile; fileRef = 499B07042D127F2F00B90BE7 /* ContentView.ViewModel.swift */; };
		49C7C40C2D133C8E00988113 /* FeatureList.swift in Sources */ = {isa = PBXBuildFile; fileRef = 49C7C40B2D133C8E00988113 /* FeatureList.swift */; };
		49C839B32CF7AB0E00D2AF95 /* PostData.swift in Sources */ = {isa = PBXBuildFile; fileRef = 49C839B22CF7AAFF00D2AF95 /* PostData.swift */; };
		49CD18062D34833A00F08A56 /* SwiftyBeaver in Frameworks */ = {isa = PBXBuildFile; productRef = 49CD18052D34833A00F08A56 /* SwiftyBeaver */; };
		49D1D4352CFE58D600B90FD1 /* ImageValidationView.swift in Sources */ = {isa = PBXBuildFile; fileRef = 49D1D4342CFE58D600B90FD1 /* ImageValidationView.swift */; };
		49D22C5B2BBC97BD005ECE84 /* SettingsPane.swift in Sources */ = {isa = PBXBuildFile; fileRef = 49D22C5A2BBC97BD005ECE84 /* SettingsPane.swift */; };
		49D3C0322CF2D2E800608566 /* FeatureListRow.swift in Sources */ = {isa = PBXBuildFile; fileRef = 49D3C0312CF2D2E800608566 /* FeatureListRow.swift */; };
		49D3C0342CF2D32300608566 /* DocumentDirtySheet.swift in Sources */ = {isa = PBXBuildFile; fileRef = 49D3C0332CF2D32300608566 /* DocumentDirtySheet.swift */; };
		49D3C0362CF2D3E400608566 /* PostDownloaderImageView.swift in Sources */ = {isa = PBXBuildFile; fileRef = 49D3C0352CF2D3E400608566 /* PostDownloaderImageView.swift */; };
		49D828092BB7327000153786 /* FeatureLoggingApp.swift in Sources */ = {isa = PBXBuildFile; fileRef = 49D828082BB7327000153786 /* FeatureLoggingApp.swift */; };
		49D8280B2BB7327000153786 /* ContentView.swift in Sources */ = {isa = PBXBuildFile; fileRef = 49D8280A2BB7327000153786 /* ContentView.swift */; };
		49D8280D2BB7327200153786 /* Assets.xcassets in Resources */ = {isa = PBXBuildFile; fileRef = 49D8280C2BB7327200153786 /* Assets.xcassets */; };
		49D828102BB7327200153786 /* Preview Assets.xcassets in Resources */ = {isa = PBXBuildFile; fileRef = 49D8280F2BB7327200153786 /* Preview Assets.xcassets */; };
		49EBB9D52BC0944300D2AE04 /* ValidationLabel.swift in Sources */ = {isa = PBXBuildFile; fileRef = 49EBB9D42BC0944300D2AE04 /* ValidationLabel.swift */; };
		49EC9DC42CF579DC00A50B2D /* MainContentView.swift in Sources */ = {isa = PBXBuildFile; fileRef = 49EC9DC32CF579D200A50B2D /* MainContentView.swift */; };
		49FA95F82CF195CB0074DE7B /* PostDownloaderView.swift in Sources */ = {isa = PBXBuildFile; fileRef = 49FA95F72CF195CB0074DE7B /* PostDownloaderView.swift */; };
		49FA95FB2CF195E50074DE7B /* Kingfisher in Frameworks */ = {isa = PBXBuildFile; productRef = 49FA95FA2CF195E50074DE7B /* Kingfisher */; };
		49FA95FE2CF198A20074DE7B /* SwiftSoup in Frameworks */ = {isa = PBXBuildFile; productRef = 49FA95FD2CF198A20074DE7B /* SwiftSoup */; };
		49FE11E52D32C3240018C3DE /* AdvancedToast.swift in Sources */ = {isa = PBXBuildFile; fileRef = 49FE11E02D32C3240018C3DE /* AdvancedToast.swift */; };
		49FE11E62D32C3240018C3DE /* AdvancedToastView.swift in Sources */ = {isa = PBXBuildFile; fileRef = 49FE11E32D32C3240018C3DE /* AdvancedToastView.swift */; };
		49FE11E72D32C3240018C3DE /* AdvancedToastStyle.swift in Sources */ = {isa = PBXBuildFile; fileRef = 49FE11E22D32C3240018C3DE /* AdvancedToastStyle.swift */; };
		49FE11E82D32C3240018C3DE /* AdvancedToastModifiers.swift in Sources */ = {isa = PBXBuildFile; fileRef = 49FE11E12D32C3240018C3DE /* AdvancedToastModifiers.swift */; };
		49FE11E92D32C3240018C3DE /* View+Extensions.swift in Sources */ = {isa = PBXBuildFile; fileRef = 49FE11DE2D32C3240018C3DE /* View+Extensions.swift */; };
/* End PBXBuildFile section */

/* Begin PBXFileReference section */
		490DF5C72BC1E70B005E0F93 /* Feature-Logging-Info.plist */ = {isa = PBXFileReference; lastKnownFileType = text.plist.xml; path = "Feature-Logging-Info.plist"; sourceTree = SOURCE_ROOT; };
		4925315F2C446FE4003A8D24 /* StatisticsContentView.swift */ = {isa = PBXFileReference; fileEncoding = 4; lastKnownFileType = sourcecode.swift; path = StatisticsContentView.swift; sourceTree = "<group>"; };
		4930AB8C2BB7348F00C72CA9 /* VersionCheckAppState.swift */ = {isa = PBXFileReference; fileEncoding = 4; lastKnownFileType = sourcecode.swift; path = VersionCheckAppState.swift; sourceTree = "<group>"; };
		4930AB8E2BB7348F00C72CA9 /* Helpers.swift */ = {isa = PBXFileReference; fileEncoding = 4; lastKnownFileType = sourcecode.swift; path = Helpers.swift; sourceTree = "<group>"; };
		4930AB8F2BB7348F00C72CA9 /* Types.swift */ = {isa = PBXFileReference; fileEncoding = 4; lastKnownFileType = sourcecode.swift; path = Types.swift; sourceTree = "<group>"; };
		4930AB9C2BB74F1500C72CA9 /* FeatureEditor.swift */ = {isa = PBXFileReference; lastKnownFileType = sourcecode.swift; path = FeatureEditor.swift; sourceTree = "<group>"; };
		493FA1372D40768B00F4F9D9 /* Standalone.xcconfig */ = {isa = PBXFileReference; lastKnownFileType = text.xcconfig; path = Standalone.xcconfig; sourceTree = "<group>"; };
		495A85852C36E46F00C112C6 /* PlaceholderEditor.swift */ = {isa = PBXFileReference; fileEncoding = 4; lastKnownFileType = sourcecode.swift; path = PlaceholderEditor.swift; sourceTree = "<group>"; };
		495A85862C36E46F00C112C6 /* ScriptEditor.swift */ = {isa = PBXFileReference; fileEncoding = 4; lastKnownFileType = sourcecode.swift; path = ScriptEditor.swift; sourceTree = "<group>"; };
		495A85882C36E46F00C112C6 /* NewMembershipEditor.swift */ = {isa = PBXFileReference; fileEncoding = 4; lastKnownFileType = sourcecode.swift; path = NewMembershipEditor.swift; sourceTree = "<group>"; };
		495A85892C36E46F00C112C6 /* ScriptContentView.swift */ = {isa = PBXFileReference; fileEncoding = 4; lastKnownFileType = sourcecode.swift; path = ScriptContentView.swift; sourceTree = "<group>"; };
		496E913F2D33812C006BCEB4 /* AboutView.swift */ = {isa = PBXFileReference; lastKnownFileType = sourcecode.swift; path = AboutView.swift; sourceTree = "<group>"; };
		497891012CFF81BD00A100B4 /* CustomTabView.swift */ = {isa = PBXFileReference; lastKnownFileType = sourcecode.swift; path = CustomTabView.swift; sourceTree = "<group>"; };
		497891032CFF81DD00A100B4 /* WebView.swift */ = {isa = PBXFileReference; lastKnownFileType = sourcecode.swift; path = WebView.swift; sourceTree = "<group>"; };
		49929D2C2D53B3D200DCE740 /* CarouselView.swift */ = {isa = PBXFileReference; lastKnownFileType = sourcecode.swift; path = CarouselView.swift; sourceTree = "<group>"; };
		499B07002D1252E600B90BE7 /* SerializeTypes.swift */ = {isa = PBXFileReference; lastKnownFileType = sourcecode.swift; path = SerializeTypes.swift; sourceTree = "<group>"; };
		499B07022D12539000B90BE7 /* ObservableTypes.swift */ = {isa = PBXFileReference; lastKnownFileType = sourcecode.swift; path = ObservableTypes.swift; sourceTree = "<group>"; };
		499B07042D127F2F00B90BE7 /* ContentView.ViewModel.swift */ = {isa = PBXFileReference; lastKnownFileType = sourcecode.swift; path = ContentView.ViewModel.swift; sourceTree = "<group>"; };
		49C7C40B2D133C8E00988113 /* FeatureList.swift */ = {isa = PBXFileReference; lastKnownFileType = sourcecode.swift; path = FeatureList.swift; sourceTree = "<group>"; };
		49C839B22CF7AAFF00D2AF95 /* PostData.swift */ = {isa = PBXFileReference; lastKnownFileType = sourcecode.swift; path = PostData.swift; sourceTree = "<group>"; };
		49D1D4342CFE58D600B90FD1 /* ImageValidationView.swift */ = {isa = PBXFileReference; lastKnownFileType = sourcecode.swift; path = ImageValidationView.swift; sourceTree = "<group>"; };
		49D22C5A2BBC97BD005ECE84 /* SettingsPane.swift */ = {isa = PBXFileReference; lastKnownFileType = sourcecode.swift; path = SettingsPane.swift; sourceTree = "<group>"; };
		49D3C0312CF2D2E800608566 /* FeatureListRow.swift */ = {isa = PBXFileReference; lastKnownFileType = sourcecode.swift; path = FeatureListRow.swift; sourceTree = "<group>"; };
		49D3C0332CF2D32300608566 /* DocumentDirtySheet.swift */ = {isa = PBXFileReference; lastKnownFileType = sourcecode.swift; path = DocumentDirtySheet.swift; sourceTree = "<group>"; };
		49D3C0352CF2D3E400608566 /* PostDownloaderImageView.swift */ = {isa = PBXFileReference; lastKnownFileType = sourcecode.swift; path = PostDownloaderImageView.swift; sourceTree = "<group>"; };
		49D828052BB7327000153786 /* Feature Logging.app */ = {isa = PBXFileReference; explicitFileType = wrapper.application; includeInIndex = 0; path = "Feature Logging.app"; sourceTree = BUILT_PRODUCTS_DIR; };
		49D828082BB7327000153786 /* FeatureLoggingApp.swift */ = {isa = PBXFileReference; lastKnownFileType = sourcecode.swift; path = FeatureLoggingApp.swift; sourceTree = "<group>"; };
		49D8280A2BB7327000153786 /* ContentView.swift */ = {isa = PBXFileReference; lastKnownFileType = sourcecode.swift; path = ContentView.swift; sourceTree = "<group>"; };
		49D8280C2BB7327200153786 /* Assets.xcassets */ = {isa = PBXFileReference; lastKnownFileType = folder.assetcatalog; path = Assets.xcassets; sourceTree = "<group>"; };
		49D8280F2BB7327200153786 /* Preview Assets.xcassets */ = {isa = PBXFileReference; lastKnownFileType = folder.assetcatalog; path = "Preview Assets.xcassets"; sourceTree = "<group>"; };
		49D828112BB7327200153786 /* Feature_Logging.entitlements */ = {isa = PBXFileReference; lastKnownFileType = text.plist.entitlements; path = Feature_Logging.entitlements; sourceTree = "<group>"; };
		49EBB9D42BC0944300D2AE04 /* ValidationLabel.swift */ = {isa = PBXFileReference; lastKnownFileType = sourcecode.swift; path = ValidationLabel.swift; sourceTree = "<group>"; };
		49EC9DC32CF579D200A50B2D /* MainContentView.swift */ = {isa = PBXFileReference; lastKnownFileType = sourcecode.swift; path = MainContentView.swift; sourceTree = "<group>"; };
		49FA95F72CF195CB0074DE7B /* PostDownloaderView.swift */ = {isa = PBXFileReference; lastKnownFileType = sourcecode.swift; path = PostDownloaderView.swift; sourceTree = "<group>"; };
		49FE11DE2D32C3240018C3DE /* View+Extensions.swift */ = {isa = PBXFileReference; lastKnownFileType = sourcecode.swift; path = "View+Extensions.swift"; sourceTree = "<group>"; };
		49FE11E02D32C3240018C3DE /* AdvancedToast.swift */ = {isa = PBXFileReference; lastKnownFileType = sourcecode.swift; path = AdvancedToast.swift; sourceTree = "<group>"; };
		49FE11E12D32C3240018C3DE /* AdvancedToastModifiers.swift */ = {isa = PBXFileReference; lastKnownFileType = sourcecode.swift; path = AdvancedToastModifiers.swift; sourceTree = "<group>"; };
		49FE11E22D32C3240018C3DE /* AdvancedToastStyle.swift */ = {isa = PBXFileReference; lastKnownFileType = sourcecode.swift; path = AdvancedToastStyle.swift; sourceTree = "<group>"; };
		49FE11E32D32C3240018C3DE /* AdvancedToastView.swift */ = {isa = PBXFileReference; lastKnownFileType = sourcecode.swift; path = AdvancedToastView.swift; sourceTree = "<group>"; };
/* End PBXFileReference section */

/* Begin PBXFrameworksBuildPhase section */
		49D828022BB7327000153786 /* Frameworks */ = {
			isa = PBXFrameworksBuildPhase;
			buildActionMask = 2147483647;
			files = (
				49FA95FB2CF195E50074DE7B /* Kingfisher in Frameworks */,
				4925315E2C446FC0003A8D24 /* SwiftUICharts in Frameworks */,
				49CD18062D34833A00F08A56 /* SwiftyBeaver in Frameworks */,
				4930AB962BB7354E00C72CA9 /* SystemColors in Frameworks */,
				49FA95FE2CF198A20074DE7B /* SwiftSoup in Frameworks */,
			);
			runOnlyForDeploymentPostprocessing = 0;
		};
/* End PBXFrameworksBuildPhase section */

/* Begin PBXGroup section */
		49D827FC2BB7327000153786 = {
			isa = PBXGroup;
			children = (
				49D828072BB7327000153786 /* Feature Logging */,
				49D828062BB7327000153786 /* Products */,
			);
			sourceTree = "<group>";
		};
		49D828062BB7327000153786 /* Products */ = {
			isa = PBXGroup;
			children = (
				49D828052BB7327000153786 /* Feature Logging.app */,
			);
			name = Products;
			sourceTree = "<group>";
		};
		49D828072BB7327000153786 /* Feature Logging */ = {
			isa = PBXGroup;
			children = (
				49FE11E42D32C3240018C3DE /* Advanced Toast */,
				496E913F2D33812C006BCEB4 /* AboutView.swift */,
				49D828082BB7327000153786 /* FeatureLoggingApp.swift */,
				49D22C5A2BBC97BD005ECE84 /* SettingsPane.swift */,
				49D8280A2BB7327000153786 /* ContentView.swift */,
				499B07042D127F2F00B90BE7 /* ContentView.ViewModel.swift */,
				49EC9DC32CF579D200A50B2D /* MainContentView.swift */,
				495A85892C36E46F00C112C6 /* ScriptContentView.swift */,
				4925315F2C446FE4003A8D24 /* StatisticsContentView.swift */,
				49FA95F72CF195CB0074DE7B /* PostDownloaderView.swift */,
				49929D2C2D53B3D200DCE740 /* CarouselView.swift */,
				49D3C0352CF2D3E400608566 /* PostDownloaderImageView.swift */,
				49D1D4342CFE58D600B90FD1 /* ImageValidationView.swift */,
				497891032CFF81DD00A100B4 /* WebView.swift */,
				497891012CFF81BD00A100B4 /* CustomTabView.swift */,
				49C839B22CF7AAFF00D2AF95 /* PostData.swift */,
				49C7C40B2D133C8E00988113 /* FeatureList.swift */,
				49D3C0312CF2D2E800608566 /* FeatureListRow.swift */,
				4930AB9C2BB74F1500C72CA9 /* FeatureEditor.swift */,
				495A85882C36E46F00C112C6 /* NewMembershipEditor.swift */,
				495A85852C36E46F00C112C6 /* PlaceholderEditor.swift */,
				495A85862C36E46F00C112C6 /* ScriptEditor.swift */,
				49EBB9D42BC0944300D2AE04 /* ValidationLabel.swift */,
				49D3C0332CF2D32300608566 /* DocumentDirtySheet.swift */,
				4930AB8E2BB7348F00C72CA9 /* Helpers.swift */,
				4930AB8F2BB7348F00C72CA9 /* Types.swift */,
				499B07022D12539000B90BE7 /* ObservableTypes.swift */,
				499B07002D1252E600B90BE7 /* SerializeTypes.swift */,
				4930AB8C2BB7348F00C72CA9 /* VersionCheckAppState.swift */,
				490DF5C72BC1E70B005E0F93 /* Feature-Logging-Info.plist */,
				49D8280C2BB7327200153786 /* Assets.xcassets */,
				49D828112BB7327200153786 /* Feature_Logging.entitlements */,
				493FA1372D40768B00F4F9D9 /* Standalone.xcconfig */,
				49D8280E2BB7327200153786 /* Preview Content */,
			);
			path = "Feature Logging";
			sourceTree = "<group>";
		};
		49D8280E2BB7327200153786 /* Preview Content */ = {
			isa = PBXGroup;
			children = (
				49D8280F2BB7327200153786 /* Preview Assets.xcassets */,
			);
			path = "Preview Content";
			sourceTree = "<group>";
		};
		49FE11DF2D32C3240018C3DE /* Extensions */ = {
			isa = PBXGroup;
			children = (
				49FE11DE2D32C3240018C3DE /* View+Extensions.swift */,
			);
			path = Extensions;
			sourceTree = "<group>";
		};
		49FE11E42D32C3240018C3DE /* Advanced Toast */ = {
			isa = PBXGroup;
			children = (
				49FE11DF2D32C3240018C3DE /* Extensions */,
				49FE11E02D32C3240018C3DE /* AdvancedToast.swift */,
				49FE11E12D32C3240018C3DE /* AdvancedToastModifiers.swift */,
				49FE11E22D32C3240018C3DE /* AdvancedToastStyle.swift */,
				49FE11E32D32C3240018C3DE /* AdvancedToastView.swift */,
			);
			path = "Advanced Toast";
			sourceTree = "<group>";
		};
/* End PBXGroup section */

/* Begin PBXNativeTarget section */
		49D828042BB7327000153786 /* Feature Logging */ = {
			isa = PBXNativeTarget;
			buildConfigurationList = 49D828142BB7327200153786 /* Build configuration list for PBXNativeTarget "Feature Logging" */;
			buildPhases = (
				49D828012BB7327000153786 /* Sources */,
				49D828022BB7327000153786 /* Frameworks */,
				49D828032BB7327000153786 /* Resources */,
			);
			buildRules = (
			);
			dependencies = (
			);
			name = "Feature Logging";
			packageProductDependencies = (
				4930AB952BB7354E00C72CA9 /* SystemColors */,
				4925315D2C446FC0003A8D24 /* SwiftUICharts */,
				49FA95FA2CF195E50074DE7B /* Kingfisher */,
				49FA95FD2CF198A20074DE7B /* SwiftSoup */,
				49CD18052D34833A00F08A56 /* SwiftyBeaver */,
			);
			productName = "Feature Logging";
			productReference = 49D828052BB7327000153786 /* Feature Logging.app */;
			productType = "com.apple.product-type.application";
		};
/* End PBXNativeTarget section */

/* Begin PBXProject section */
		49D827FD2BB7327000153786 /* Project object */ = {
			isa = PBXProject;
			attributes = {
				BuildIndependentTargetsInParallel = 1;
				LastSwiftUpdateCheck = 1530;
				LastUpgradeCheck = 1540;
				TargetAttributes = {
					49D828042BB7327000153786 = {
						CreatedOnToolsVersion = 15.3;
					};
				};
			};
			buildConfigurationList = 49D828002BB7327000153786 /* Build configuration list for PBXProject "Feature Logging" */;
			compatibilityVersion = "Xcode 14.0";
			developmentRegion = en;
			hasScannedForEncodings = 0;
			knownRegions = (
				en,
				Base,
			);
			mainGroup = 49D827FC2BB7327000153786;
			packageReferences = (
				4930AB942BB7354E00C72CA9 /* XCRemoteSwiftPackageReference "swiftui-system-colors" */,
				4925315C2C446FC0003A8D24 /* XCRemoteSwiftPackageReference "SwiftUICharts" */,
				49FA95F92CF195E50074DE7B /* XCRemoteSwiftPackageReference "Kingfisher" */,
				49FA95FC2CF198A20074DE7B /* XCRemoteSwiftPackageReference "SwiftSoup" */,
				49CD18042D34833A00F08A56 /* XCRemoteSwiftPackageReference "SwiftyBeaver" */,
			);
			productRefGroup = 49D828062BB7327000153786 /* Products */;
			projectDirPath = "";
			projectRoot = "";
			targets = (
				49D828042BB7327000153786 /* Feature Logging */,
			);
		};
/* End PBXProject section */

/* Begin PBXResourcesBuildPhase section */
		49D828032BB7327000153786 /* Resources */ = {
			isa = PBXResourcesBuildPhase;
			buildActionMask = 2147483647;
			files = (
				49D828102BB7327200153786 /* Preview Assets.xcassets in Resources */,
				49D8280D2BB7327200153786 /* Assets.xcassets in Resources */,
			);
			runOnlyForDeploymentPostprocessing = 0;
		};
/* End PBXResourcesBuildPhase section */

/* Begin PBXSourcesBuildPhase section */
		49D828012BB7327000153786 /* Sources */ = {
			isa = PBXSourcesBuildPhase;
			buildActionMask = 2147483647;
			files = (
				49D8280B2BB7327000153786 /* ContentView.swift in Sources */,
				49FA95F82CF195CB0074DE7B /* PostDownloaderView.swift in Sources */,
				495A858B2C36E46F00C112C6 /* ScriptEditor.swift in Sources */,
				49D3C0362CF2D3E400608566 /* PostDownloaderImageView.swift in Sources */,
				495A858A2C36E46F00C112C6 /* PlaceholderEditor.swift in Sources */,
				495A858E2C36E46F00C112C6 /* ScriptContentView.swift in Sources */,
				495A858D2C36E46F00C112C6 /* NewMembershipEditor.swift in Sources */,
				4930AB9D2BB74F1500C72CA9 /* FeatureEditor.swift in Sources */,
				499B07032D12539700B90BE7 /* ObservableTypes.swift in Sources */,
				49C7C40C2D133C8E00988113 /* FeatureList.swift in Sources */,
				499B07012D1252EE00B90BE7 /* SerializeTypes.swift in Sources */,
				49C839B32CF7AB0E00D2AF95 /* PostData.swift in Sources */,
				496E91402D33812C006BCEB4 /* AboutView.swift in Sources */,
				49929D2D2D53B3D200DCE740 /* CarouselView.swift in Sources */,
				49D1D4352CFE58D600B90FD1 /* ImageValidationView.swift in Sources */,
				492531602C446FE4003A8D24 /* StatisticsContentView.swift in Sources */,
				497891022CFF81BD00A100B4 /* CustomTabView.swift in Sources */,
				49FE11E52D32C3240018C3DE /* AdvancedToast.swift in Sources */,
				49FE11E62D32C3240018C3DE /* AdvancedToastView.swift in Sources */,
				49FE11E72D32C3240018C3DE /* AdvancedToastStyle.swift in Sources */,
				49FE11E82D32C3240018C3DE /* AdvancedToastModifiers.swift in Sources */,
				49FE11E92D32C3240018C3DE /* View+Extensions.swift in Sources */,
				49EBB9D52BC0944300D2AE04 /* ValidationLabel.swift in Sources */,
				497891042CFF81DD00A100B4 /* WebView.swift in Sources */,
				499B07052D127F3500B90BE7 /* ContentView.ViewModel.swift in Sources */,
				49D3C0342CF2D32300608566 /* DocumentDirtySheet.swift in Sources */,
				49D22C5B2BBC97BD005ECE84 /* SettingsPane.swift in Sources */,
				4930AB902BB7348F00C72CA9 /* VersionCheckAppState.swift in Sources */,
				4930AB932BB7348F00C72CA9 /* Types.swift in Sources */,
				49D3C0322CF2D2E800608566 /* FeatureListRow.swift in Sources */,
				4930AB922BB7348F00C72CA9 /* Helpers.swift in Sources */,
				49D828092BB7327000153786 /* FeatureLoggingApp.swift in Sources */,
				49EC9DC42CF579DC00A50B2D /* MainContentView.swift in Sources */,
			);
			runOnlyForDeploymentPostprocessing = 0;
		};
/* End PBXSourcesBuildPhase section */

/* Begin XCBuildConfiguration section */
		493FA1382D40797F00F4F9D9 /* Standalone */ = {
			isa = XCBuildConfiguration;
			baseConfigurationReference = 493FA1372D40768B00F4F9D9 /* Standalone.xcconfig */;
			buildSettings = {
				ALWAYS_SEARCH_USER_PATHS = NO;
				ASSETCATALOG_COMPILER_GENERATE_SWIFT_ASSET_SYMBOL_EXTENSIONS = YES;
				CLANG_ANALYZER_NONNULL = YES;
				CLANG_ANALYZER_NUMBER_OBJECT_CONVERSION = YES_AGGRESSIVE;
				CLANG_CXX_LANGUAGE_STANDARD = "gnu++20";
				CLANG_ENABLE_MODULES = YES;
				CLANG_ENABLE_OBJC_ARC = YES;
				CLANG_ENABLE_OBJC_WEAK = YES;
				CLANG_WARN_BLOCK_CAPTURE_AUTORELEASING = YES;
				CLANG_WARN_BOOL_CONVERSION = YES;
				CLANG_WARN_COMMA = YES;
				CLANG_WARN_CONSTANT_CONVERSION = YES;
				CLANG_WARN_DEPRECATED_OBJC_IMPLEMENTATIONS = YES;
				CLANG_WARN_DIRECT_OBJC_ISA_USAGE = YES_ERROR;
				CLANG_WARN_DOCUMENTATION_COMMENTS = YES;
				CLANG_WARN_EMPTY_BODY = YES;
				CLANG_WARN_ENUM_CONVERSION = YES;
				CLANG_WARN_INFINITE_RECURSION = YES;
				CLANG_WARN_INT_CONVERSION = YES;
				CLANG_WARN_NON_LITERAL_NULL_CONVERSION = YES;
				CLANG_WARN_OBJC_IMPLICIT_RETAIN_SELF = YES;
				CLANG_WARN_OBJC_LITERAL_CONVERSION = YES;
				CLANG_WARN_OBJC_ROOT_CLASS = YES_ERROR;
				CLANG_WARN_QUOTED_INCLUDE_IN_FRAMEWORK_HEADER = YES;
				CLANG_WARN_RANGE_LOOP_ANALYSIS = YES;
				CLANG_WARN_STRICT_PROTOTYPES = YES;
				CLANG_WARN_SUSPICIOUS_MOVE = YES;
				CLANG_WARN_UNGUARDED_AVAILABILITY = YES_AGGRESSIVE;
				CLANG_WARN_UNREACHABLE_CODE = YES;
				CLANG_WARN__DUPLICATE_METHOD_MATCH = YES;
				COPY_PHASE_STRIP = NO;
				DEAD_CODE_STRIPPING = YES;
				DEBUG_INFORMATION_FORMAT = "dwarf-with-dsym";
				ENABLE_NS_ASSERTIONS = NO;
				ENABLE_STRICT_OBJC_MSGSEND = YES;
				ENABLE_USER_SCRIPT_SANDBOXING = YES;
				GCC_C_LANGUAGE_STANDARD = gnu17;
				GCC_NO_COMMON_BLOCKS = YES;
				GCC_WARN_64_TO_32_BIT_CONVERSION = YES;
				GCC_WARN_ABOUT_RETURN_TYPE = YES_ERROR;
				GCC_WARN_UNDECLARED_SELECTOR = YES;
				GCC_WARN_UNINITIALIZED_AUTOS = YES_AGGRESSIVE;
				GCC_WARN_UNUSED_FUNCTION = YES;
				GCC_WARN_UNUSED_VARIABLE = YES;
				LOCALIZATION_PREFERS_STRING_CATALOGS = YES;
				MACOSX_DEPLOYMENT_TARGET = 14.4;
				MTL_ENABLE_DEBUG_INFO = NO;
				MTL_FAST_MATH = YES;
				SDKROOT = macosx;
				SWIFT_COMPILATION_MODE = wholemodule;
			};
			name = Standalone;
		};
		493FA1392D40797F00F4F9D9 /* Standalone */ = {
			isa = XCBuildConfiguration;
			baseConfigurationReference = 493FA1372D40768B00F4F9D9 /* Standalone.xcconfig */;
			buildSettings = {
				ASSETCATALOG_COMPILER_APPICON_NAME = AppIcon;
				ASSETCATALOG_COMPILER_GLOBAL_ACCENT_COLOR_NAME = AccentColor;
				ASSETCATALOG_COMPILER_INCLUDE_ALL_APPICON_ASSETS = YES;
				CODE_SIGN_ENTITLEMENTS = "Feature Logging/Feature_Logging.entitlements";
				CODE_SIGN_STYLE = Automatic;
				COMBINE_HIDPI_IMAGES = YES;
				CURRENT_PROJECT_VERSION = 79;
				DEAD_CODE_STRIPPING = YES;
				DEVELOPMENT_ASSET_PATHS = "\"Feature Logging/Preview Content\"";
				DEVELOPMENT_TEAM = 7U6K972H9Q;
				ENABLE_HARDENED_RUNTIME = YES;
				ENABLE_PREVIEWS = YES;
				GENERATE_INFOPLIST_FILE = YES;
				INFOPLIST_FILE = "Feature-Logging-Info.plist";
				INFOPLIST_KEY_CFBundleDisplayName = "Feature Logging";
				INFOPLIST_KEY_LSApplicationCategoryType = "public.app-category.productivity";
				INFOPLIST_KEY_NSHumanReadableCopyright = "";
				LD_RUNPATH_SEARCH_PATHS = (
					"$(inherited)",
					"@executable_path/../Frameworks",
				);
				MACOSX_DEPLOYMENT_TARGET = 14.0;
				MARKETING_VERSION = 2.5;
				PRODUCT_BUNDLE_IDENTIFIER = "com.andydragon.Feature-Logging";
				PRODUCT_NAME = "$(TARGET_NAME)";
				SWIFT_EMIT_LOC_STRINGS = YES;
				SWIFT_VERSION = 5.0;
			};
			name = Standalone;
		};
		49D828122BB7327200153786 /* Debug */ = {
			isa = XCBuildConfiguration;
			buildSettings = {
				ALWAYS_SEARCH_USER_PATHS = NO;
				ASSETCATALOG_COMPILER_GENERATE_SWIFT_ASSET_SYMBOL_EXTENSIONS = YES;
				CLANG_ANALYZER_NONNULL = YES;
				CLANG_ANALYZER_NUMBER_OBJECT_CONVERSION = YES_AGGRESSIVE;
				CLANG_CXX_LANGUAGE_STANDARD = "gnu++20";
				CLANG_ENABLE_MODULES = YES;
				CLANG_ENABLE_OBJC_ARC = YES;
				CLANG_ENABLE_OBJC_WEAK = YES;
				CLANG_WARN_BLOCK_CAPTURE_AUTORELEASING = YES;
				CLANG_WARN_BOOL_CONVERSION = YES;
				CLANG_WARN_COMMA = YES;
				CLANG_WARN_CONSTANT_CONVERSION = YES;
				CLANG_WARN_DEPRECATED_OBJC_IMPLEMENTATIONS = YES;
				CLANG_WARN_DIRECT_OBJC_ISA_USAGE = YES_ERROR;
				CLANG_WARN_DOCUMENTATION_COMMENTS = YES;
				CLANG_WARN_EMPTY_BODY = YES;
				CLANG_WARN_ENUM_CONVERSION = YES;
				CLANG_WARN_INFINITE_RECURSION = YES;
				CLANG_WARN_INT_CONVERSION = YES;
				CLANG_WARN_NON_LITERAL_NULL_CONVERSION = YES;
				CLANG_WARN_OBJC_IMPLICIT_RETAIN_SELF = YES;
				CLANG_WARN_OBJC_LITERAL_CONVERSION = YES;
				CLANG_WARN_OBJC_ROOT_CLASS = YES_ERROR;
				CLANG_WARN_QUOTED_INCLUDE_IN_FRAMEWORK_HEADER = YES;
				CLANG_WARN_RANGE_LOOP_ANALYSIS = YES;
				CLANG_WARN_STRICT_PROTOTYPES = YES;
				CLANG_WARN_SUSPICIOUS_MOVE = YES;
				CLANG_WARN_UNGUARDED_AVAILABILITY = YES_AGGRESSIVE;
				CLANG_WARN_UNREACHABLE_CODE = YES;
				CLANG_WARN__DUPLICATE_METHOD_MATCH = YES;
				COPY_PHASE_STRIP = NO;
				DEAD_CODE_STRIPPING = YES;
				DEBUG_INFORMATION_FORMAT = dwarf;
				ENABLE_STRICT_OBJC_MSGSEND = YES;
				ENABLE_TESTABILITY = YES;
				ENABLE_USER_SCRIPT_SANDBOXING = YES;
				GCC_C_LANGUAGE_STANDARD = gnu17;
				GCC_DYNAMIC_NO_PIC = NO;
				GCC_NO_COMMON_BLOCKS = YES;
				GCC_OPTIMIZATION_LEVEL = 0;
				GCC_PREPROCESSOR_DEFINITIONS = (
					"DEBUG=1",
					"$(inherited)",
				);
				GCC_WARN_64_TO_32_BIT_CONVERSION = YES;
				GCC_WARN_ABOUT_RETURN_TYPE = YES_ERROR;
				GCC_WARN_UNDECLARED_SELECTOR = YES;
				GCC_WARN_UNINITIALIZED_AUTOS = YES_AGGRESSIVE;
				GCC_WARN_UNUSED_FUNCTION = YES;
				GCC_WARN_UNUSED_VARIABLE = YES;
				LOCALIZATION_PREFERS_STRING_CATALOGS = YES;
				MACOSX_DEPLOYMENT_TARGET = 14.4;
				MTL_ENABLE_DEBUG_INFO = INCLUDE_SOURCE;
				MTL_FAST_MATH = YES;
				ONLY_ACTIVE_ARCH = YES;
				SDKROOT = macosx;
				SWIFT_ACTIVE_COMPILATION_CONDITIONS = "DEBUG $(inherited)";
				SWIFT_OPTIMIZATION_LEVEL = "-Onone";
			};
			name = Debug;
		};
		49D828132BB7327200153786 /* Release */ = {
			isa = XCBuildConfiguration;
			buildSettings = {
				ALWAYS_SEARCH_USER_PATHS = NO;
				ASSETCATALOG_COMPILER_GENERATE_SWIFT_ASSET_SYMBOL_EXTENSIONS = YES;
				CLANG_ANALYZER_NONNULL = YES;
				CLANG_ANALYZER_NUMBER_OBJECT_CONVERSION = YES_AGGRESSIVE;
				CLANG_CXX_LANGUAGE_STANDARD = "gnu++20";
				CLANG_ENABLE_MODULES = YES;
				CLANG_ENABLE_OBJC_ARC = YES;
				CLANG_ENABLE_OBJC_WEAK = YES;
				CLANG_WARN_BLOCK_CAPTURE_AUTORELEASING = YES;
				CLANG_WARN_BOOL_CONVERSION = YES;
				CLANG_WARN_COMMA = YES;
				CLANG_WARN_CONSTANT_CONVERSION = YES;
				CLANG_WARN_DEPRECATED_OBJC_IMPLEMENTATIONS = YES;
				CLANG_WARN_DIRECT_OBJC_ISA_USAGE = YES_ERROR;
				CLANG_WARN_DOCUMENTATION_COMMENTS = YES;
				CLANG_WARN_EMPTY_BODY = YES;
				CLANG_WARN_ENUM_CONVERSION = YES;
				CLANG_WARN_INFINITE_RECURSION = YES;
				CLANG_WARN_INT_CONVERSION = YES;
				CLANG_WARN_NON_LITERAL_NULL_CONVERSION = YES;
				CLANG_WARN_OBJC_IMPLICIT_RETAIN_SELF = YES;
				CLANG_WARN_OBJC_LITERAL_CONVERSION = YES;
				CLANG_WARN_OBJC_ROOT_CLASS = YES_ERROR;
				CLANG_WARN_QUOTED_INCLUDE_IN_FRAMEWORK_HEADER = YES;
				CLANG_WARN_RANGE_LOOP_ANALYSIS = YES;
				CLANG_WARN_STRICT_PROTOTYPES = YES;
				CLANG_WARN_SUSPICIOUS_MOVE = YES;
				CLANG_WARN_UNGUARDED_AVAILABILITY = YES_AGGRESSIVE;
				CLANG_WARN_UNREACHABLE_CODE = YES;
				CLANG_WARN__DUPLICATE_METHOD_MATCH = YES;
				COPY_PHASE_STRIP = NO;
				DEAD_CODE_STRIPPING = YES;
				DEBUG_INFORMATION_FORMAT = "dwarf-with-dsym";
				ENABLE_NS_ASSERTIONS = NO;
				ENABLE_STRICT_OBJC_MSGSEND = YES;
				ENABLE_USER_SCRIPT_SANDBOXING = YES;
				GCC_C_LANGUAGE_STANDARD = gnu17;
				GCC_NO_COMMON_BLOCKS = YES;
				GCC_WARN_64_TO_32_BIT_CONVERSION = YES;
				GCC_WARN_ABOUT_RETURN_TYPE = YES_ERROR;
				GCC_WARN_UNDECLARED_SELECTOR = YES;
				GCC_WARN_UNINITIALIZED_AUTOS = YES_AGGRESSIVE;
				GCC_WARN_UNUSED_FUNCTION = YES;
				GCC_WARN_UNUSED_VARIABLE = YES;
				LOCALIZATION_PREFERS_STRING_CATALOGS = YES;
				MACOSX_DEPLOYMENT_TARGET = 14.4;
				MTL_ENABLE_DEBUG_INFO = NO;
				MTL_FAST_MATH = YES;
				SDKROOT = macosx;
				SWIFT_COMPILATION_MODE = wholemodule;
			};
			name = Release;
		};
		49D828152BB7327200153786 /* Debug */ = {
			isa = XCBuildConfiguration;
			buildSettings = {
				ASSETCATALOG_COMPILER_APPICON_NAME = AppIcon;
				ASSETCATALOG_COMPILER_GLOBAL_ACCENT_COLOR_NAME = AccentColor;
				ASSETCATALOG_COMPILER_INCLUDE_ALL_APPICON_ASSETS = YES;
				CODE_SIGN_ENTITLEMENTS = "Feature Logging/Feature_Logging.entitlements";
				CODE_SIGN_STYLE = Automatic;
				COMBINE_HIDPI_IMAGES = YES;
				CURRENT_PROJECT_VERSION = 79;
				DEAD_CODE_STRIPPING = YES;
				DEVELOPMENT_ASSET_PATHS = "\"Feature Logging/Preview Content\"";
				DEVELOPMENT_TEAM = 7U6K972H9Q;
				ENABLE_HARDENED_RUNTIME = YES;
				ENABLE_PREVIEWS = YES;
				GENERATE_INFOPLIST_FILE = YES;
				INFOPLIST_FILE = "Feature-Logging-Info.plist";
				INFOPLIST_KEY_CFBundleDisplayName = "Feature Logging";
				INFOPLIST_KEY_LSApplicationCategoryType = "public.app-category.productivity";
				INFOPLIST_KEY_NSHumanReadableCopyright = "";
				LD_RUNPATH_SEARCH_PATHS = (
					"$(inherited)",
					"@executable_path/../Frameworks",
				);
				MACOSX_DEPLOYMENT_TARGET = 14.0;
				MARKETING_VERSION = 2.5;
				PRODUCT_BUNDLE_IDENTIFIER = "com.andydragon.Feature-Logging";
				PRODUCT_NAME = "$(TARGET_NAME)";
				SWIFT_EMIT_LOC_STRINGS = YES;
				SWIFT_VERSION = 5.0;
			};
			name = Debug;
		};
		49D828162BB7327200153786 /* Release */ = {
			isa = XCBuildConfiguration;
			buildSettings = {
				ASSETCATALOG_COMPILER_APPICON_NAME = AppIcon;
				ASSETCATALOG_COMPILER_GLOBAL_ACCENT_COLOR_NAME = AccentColor;
				ASSETCATALOG_COMPILER_INCLUDE_ALL_APPICON_ASSETS = YES;
				CODE_SIGN_ENTITLEMENTS = "Feature Logging/Feature_Logging.entitlements";
				CODE_SIGN_STYLE = Automatic;
				COMBINE_HIDPI_IMAGES = YES;
				CURRENT_PROJECT_VERSION = 79;
				DEAD_CODE_STRIPPING = YES;
				DEVELOPMENT_ASSET_PATHS = "\"Feature Logging/Preview Content\"";
				DEVELOPMENT_TEAM = 7U6K972H9Q;
				ENABLE_HARDENED_RUNTIME = YES;
				ENABLE_PREVIEWS = YES;
				GENERATE_INFOPLIST_FILE = YES;
				INFOPLIST_FILE = "Feature-Logging-Info.plist";
				INFOPLIST_KEY_CFBundleDisplayName = "Feature Logging";
				INFOPLIST_KEY_LSApplicationCategoryType = "public.app-category.productivity";
				INFOPLIST_KEY_NSHumanReadableCopyright = "";
				LD_RUNPATH_SEARCH_PATHS = (
					"$(inherited)",
					"@executable_path/../Frameworks",
				);
				MACOSX_DEPLOYMENT_TARGET = 14.0;
				MARKETING_VERSION = 2.5;
				PRODUCT_BUNDLE_IDENTIFIER = "com.andydragon.Feature-Logging";
				PRODUCT_NAME = "$(TARGET_NAME)";
				SWIFT_EMIT_LOC_STRINGS = YES;
				SWIFT_VERSION = 5.0;
			};
			name = Release;
		};
/* End XCBuildConfiguration section */

/* Begin XCConfigurationList section */
		49D828002BB7327000153786 /* Build configuration list for PBXProject "Feature Logging" */ = {
			isa = XCConfigurationList;
			buildConfigurations = (
				49D828122BB7327200153786 /* Debug */,
				49D828132BB7327200153786 /* Release */,
				493FA1382D40797F00F4F9D9 /* Standalone */,
			);
			defaultConfigurationIsVisible = 0;
			defaultConfigurationName = Release;
		};
		49D828142BB7327200153786 /* Build configuration list for PBXNativeTarget "Feature Logging" */ = {
			isa = XCConfigurationList;
			buildConfigurations = (
				49D828152BB7327200153786 /* Debug */,
				49D828162BB7327200153786 /* Release */,
				493FA1392D40797F00F4F9D9 /* Standalone */,
			);
			defaultConfigurationIsVisible = 0;
			defaultConfigurationName = Release;
		};
/* End XCConfigurationList section */

/* Begin XCRemoteSwiftPackageReference section */
		4925315C2C446FC0003A8D24 /* XCRemoteSwiftPackageReference "SwiftUICharts" */ = {
			isa = XCRemoteSwiftPackageReference;
			repositoryURL = "https://github.com/willdale/SwiftUICharts.git";
			requirement = {
				kind = upToNextMajorVersion;
				minimumVersion = 2.10.2;
			};
		};
		4930AB942BB7354E00C72CA9 /* XCRemoteSwiftPackageReference "swiftui-system-colors" */ = {
			isa = XCRemoteSwiftPackageReference;
			repositoryURL = "https://github.com/diniska/swiftui-system-colors";
			requirement = {
				kind = upToNextMajorVersion;
				minimumVersion = 1.2.0;
			};
		};
		49CD18042D34833A00F08A56 /* XCRemoteSwiftPackageReference "SwiftyBeaver" */ = {
			isa = XCRemoteSwiftPackageReference;
			repositoryURL = "https://github.com/SwiftyBeaver/SwiftyBeaver.git";
			requirement = {
				kind = upToNextMajorVersion;
				minimumVersion = 2.1.1;
			};
		};
		49FA95F92CF195E50074DE7B /* XCRemoteSwiftPackageReference "Kingfisher" */ = {
			isa = XCRemoteSwiftPackageReference;
			repositoryURL = "https://github.com/onevcat/Kingfisher.git";
			requirement = {
				kind = upToNextMajorVersion;
				minimumVersion = 8.1.1;
			};
		};
		49FA95FC2CF198A20074DE7B /* XCRemoteSwiftPackageReference "SwiftSoup" */ = {
			isa = XCRemoteSwiftPackageReference;
			repositoryURL = "https://github.com/AndyDragon/SwiftSoup.git";
			requirement = {
				branch = master;
				kind = branch;
			};
		};
/* End XCRemoteSwiftPackageReference section */

/* Begin XCSwiftPackageProductDependency section */
		4925315D2C446FC0003A8D24 /* SwiftUICharts */ = {
			isa = XCSwiftPackageProductDependency;
			package = 4925315C2C446FC0003A8D24 /* XCRemoteSwiftPackageReference "SwiftUICharts" */;
			productName = SwiftUICharts;
		};
		4930AB952BB7354E00C72CA9 /* SystemColors */ = {
			isa = XCSwiftPackageProductDependency;
			package = 4930AB942BB7354E00C72CA9 /* XCRemoteSwiftPackageReference "swiftui-system-colors" */;
			productName = SystemColors;
		};
		49CD18052D34833A00F08A56 /* SwiftyBeaver */ = {
			isa = XCSwiftPackageProductDependency;
			package = 49CD18042D34833A00F08A56 /* XCRemoteSwiftPackageReference "SwiftyBeaver" */;
			productName = SwiftyBeaver;
		};
		49FA95FA2CF195E50074DE7B /* Kingfisher */ = {
			isa = XCSwiftPackageProductDependency;
			package = 49FA95F92CF195E50074DE7B /* XCRemoteSwiftPackageReference "Kingfisher" */;
			productName = Kingfisher;
		};
		49FA95FD2CF198A20074DE7B /* SwiftSoup */ = {
			isa = XCSwiftPackageProductDependency;
			package = 49FA95FC2CF198A20074DE7B /* XCRemoteSwiftPackageReference "SwiftSoup" */;
			productName = SwiftSoup;
		};
/* End XCSwiftPackageProductDependency section */
	};
	rootObject = 49D827FD2BB7327000153786 /* Project object */;
}
