{
  "originHash" : "d2aa17d1bcb4ec8cd56236428e03d5a0c984a91e2fb7e9b56f887e43387c1232",
  "pins" : [
    {
      "identity" : "kingfisher",
      "kind" : "remoteSourceControl",
      "location" : "https://github.com/onevcat/Kingfisher.git",
      "state" : {
        "revision" : "b6256f191b4c1d8d09f4df94bae69e5ac6e42c81",
        "version" : "8.1.1"
      }
    },
    {
      "identity" : "swiftsoup",
      "kind" : "remoteSourceControl",
      "location" : "https://github.com/AndyDragon/SwiftSoup.git",
      "state" : {
        "branch" : "master",
        "revision" : "028487d4a8a291b2fe1b4392b5425b6172056148"
      }
    },
    {
      "identity" : "swiftui-system-colors",
      "kind" : "remoteSourceControl",
      "location" : "https://github.com/diniska/swiftui-system-colors",
      "state" : {
        "revision" : "5127afab23337699a714e036588f02d9481ae612",
        "version" : "1.2.0"
      }
    },
    {
      "identity" : "swiftuicharts",
      "kind" : "remoteSourceControl",
      "location" : "https://github.com/willdale/SwiftUICharts.git",
      "state" : {
        "revision" : "53a3a2f16730af6709283f83a9dc75a3dde252ff",
        "version" : "2.10.2"
      }
    },
    {
      "identity" : "swiftybeaver",
      "kind" : "remoteSourceControl",
      "location" : "https://github.com/SwiftyBeaver/SwiftyBeaver.git",
      "state" : {
        "revision" : "8cba041db09596183331d123f337d0eb2e6e8e91",
        "version" : "2.1.1"
      }
    }
  ],
  "version" : 3
}
