
Microsoft Visual Studio Solution File, Format Version 12.00
# Visual Studio Version 17
VisualStudioVersion = 17.12.35707.178 d17.12
MinimumVisualStudioVersion = 10.0.40219.1
Project("{FAE04EC0-301F-11D3-BF4B-00C04F79EFBC}") = "Feature Logging", "Feature Logging\Feature Logging.csproj", "{00B45B70-FB48-4A21-A57A-81E5E539A60C}"
EndProject
Global
	GlobalSection(SolutionConfigurationPlatforms) = preSolution
		Debug|Any CPU = Debug|Any CPU
		Release|Any CPU = Release|Any CPU
	EndGlobalSection
	GlobalSection(ProjectConfigurationPlatforms) = postSolution
		{00B45B70-FB48-4A21-A57A-81E5E539A60C}.Debug|Any CPU.ActiveCfg = Debug|Any CPU
		{00B45B70-FB48-4A21-A57A-81E5E539A60C}.Debug|Any CPU.Build.0 = Debug|Any CPU
		{00B45B70-FB48-4A21-A57A-81E5E539A60C}.Release|Any CPU.ActiveCfg = Release|Any CPU
		{00B45B70-FB48-4A21-A57A-81E5E539A60C}.Release|Any CPU.Build.0 = Release|Any CPU
	EndGlobalSection
	GlobalSection(SolutionProperties) = preSolution
		HideSolutionNode = FALSE
	EndGlobalSection
	GlobalSection(MonoDevelopProperties) = preSolution
		Policies = $0
		$0.DotNetNamingPolicy = $1
		$1.DirectoryNamespaceAssociation = PrefixedHierarchical
		version = 1.0.2
	EndGlobalSection
EndGlobal
